
Microsoft Visual Studio Solution File, Format Version 12.00
# Visual Studio Version 17
VisualStudioVersion = 17.0.31903.59
MinimumVisualStudioVersion = 10.0.40219.1
Project("{2150E333-8FDC-42A3-9474-1A3956D46DE8}") = "src", "src", "{827E0CD3-B72D-47B6-A68D-7590B98EB39B}"
EndProject
Project("{FAE04EC0-301F-11D3-BF4B-00C04F79EFBC}") = "Hermes", "src\Hermes\Hermes.csproj", "{3275DFC2-D1E5-4321-B669-C087A899285C}"
EndProject
Project("{FAE04EC0-301F-11D3-BF4B-00C04F79EFBC}") = "Hermes.Blazor", "src\Hermes.Blazor\Hermes.Blazor.csproj", "{ACE53F71-D0A7-4075-BCAD-13353D06A506}"
EndProject
Project("{2150E333-8FDC-42A3-9474-1A3956D46DE8}") = "samples", "samples", "{E8C8B8E1-1234-5678-9ABC-DEF012345678}"
EndProject
Project("{FAE04EC0-301F-11D3-BF4B-00C04F79EFBC}") = "HelloWorld", "samples\HelloWorld\HelloWorld.csproj", "{F1234567-8901-2345-6789-ABCDEF012345}"
EndProject
Project("{2150E333-8FDC-42A3-9474-1A3956D46DE8}") = "tests", "tests", "{0AB3BF05-4346-4AA6-1389-037BE0695223}"
EndProject
Project("{FAE04EC0-301F-11D3-BF4B-00C04F79EFBC}") = "Hermes.Tests", "tests\Hermes.Tests\Hermes.Tests.csproj", "{4C71B234-7B7E-46C2-BB41-55C37DAC5FBE}"
EndProject
Project("{FAE04EC0-301F-11D3-BF4B-00C04F79EFBC}") = "BlazorHelloWorld", "samples\BlazorHelloWorld\BlazorHelloWorld.csproj", "{1B44F5DC-1E72-4866-AF7C-600B93B79ABE}"
EndProject
Project("{2150E333-8FDC-42A3-9474-1A3956D46DE8}") = "benchmarks", "benchmarks", "{08854B5B-67CB-49D9-A6F2-15B89CA9BDE4}"
EndProject
Project("{FAE04EC0-301F-11D3-BF4B-00C04F79EFBC}") = "Hermes.Benchmarks", "benchmarks\Hermes.Benchmarks\Hermes.Benchmarks.csproj", "{1378DDB7-2F7B-4878-8CEE-F4355250D8AD}"
EndProject
Project("{FAE04EC0-301F-11D3-BF4B-00C04F79EFBC}") = "HermesTestApp", "benchmarks\Hermes.Benchmarks.Apps\HermesTestApp\HermesTestApp.csproj", "{6DE66BC6-6223-4EA5-8A56-790BA13428CC}"
EndProject
Project("{FAE04EC0-301F-11D3-BF4B-00C04F79EFBC}") = "PhotinoTestApp", "benchmarks\Hermes.Benchmarks.Apps\PhotinoTestApp\PhotinoTestApp.csproj", "{697128D6-5E0F-478E-9EE0-58628B21A5BC}"
EndProject
Project("{FAE04EC0-301F-11D3-BF4B-00C04F79EFBC}") = "TauriTestApp.Blazor", "benchmarks\Hermes.Benchmarks.Apps\TauriTestApp\BlazorApp\TauriTestApp.Blazor.csproj", "{3D027FB7-29C5-4870-90F3-DDD316871217}"
EndProject
Project("{FAE04EC0-301F-11D3-BF4B-00C04F79EFBC}") = "Hermes.Benchmarks.Harness", "benchmarks\Hermes.Benchmarks.Harness\Hermes.Benchmarks.Harness.csproj", "{5B1A704D-1A64-4FA1-8FA2-9EB503F87A9D}"
EndProject
Project("{FAE04EC0-301F-11D3-BF4B-00C04F79EFBC}") = "Hermes.Testing", "src\Hermes.Testing\Hermes.Testing.csproj", "{DE3C5B23-F118-4D52-A5D8-72B51687B8EE}"
EndProject
Project("{FAE04EC0-301F-11D3-BF4B-00C04F79EFBC}") = "IntegrationTestApp", "samples\IntegrationTestApp\IntegrationTestApp.csproj", "{3E2B94FB-B674-4795-BAF1-C440A7C3A9F1}"
EndProject
Project("{FAE04EC0-301F-11D3-BF4B-00C04F79EFBC}") = "Hermes.SingleInstance.IntegrationTests", "tests\Hermes.SingleInstance.IntegrationTests\Hermes.SingleInstance.IntegrationTests.csproj", "{EB2217B7-93A3-4067-A951-00B04EF9F6CF}"
EndProject
Project("{FAE04EC0-301F-11D3-BF4B-00C04F79EFBC}") = "Hermes.Contracts", "src\Hermes.Contracts\Hermes.Contracts.csproj", "{D0C6B6C9-E725-473F-8513-321803A2C687}"
EndProject
Project("{FAE04EC0-301F-11D3-BF4B-00C04F79EFBC}") = "PokedexTray", "samples\PokedexTray\PokedexTray.csproj", "{BA894EAA-FF09-4A27-9A4D-649DDE8D1131}"
EndProject
Global
	GlobalSection(SolutionConfigurationPlatforms) = preSolution
		Debug|Any CPU = Debug|Any CPU
		Debug|x64 = Debug|x64
		Debug|x86 = Debug|x86
		Release|Any CPU = Release|Any CPU
		Release|x64 = Release|x64
		Release|x86 = Release|x86
	EndGlobalSection
	GlobalSection(ProjectConfigurationPlatforms) = postSolution
		{3275DFC2-D1E5-4321-B669-C087A899285C}.Debug|Any CPU.ActiveCfg = Debug|Any CPU
		{3275DFC2-D1E5-4321-B669-C087A899285C}.Debug|Any CPU.Build.0 = Debug|Any CPU
		{3275DFC2-D1E5-4321-B669-C087A899285C}.Debug|x64.ActiveCfg = Debug|Any CPU
		{3275DFC2-D1E5-4321-B669-C087A899285C}.Debug|x64.Build.0 = Debug|Any CPU
		{3275DFC2-D1E5-4321-B669-C087A899285C}.Debug|x86.ActiveCfg = Debug|Any CPU
		{3275DFC2-D1E5-4321-B669-C087A899285C}.Debug|x86.Build.0 = Debug|Any CPU
		{3275DFC2-D1E5-4321-B669-C087A899285C}.Release|Any CPU.ActiveCfg = Release|Any CPU
		{3275DFC2-D1E5-4321-B669-C087A899285C}.Release|Any CPU.Build.0 = Release|Any CPU
		{3275DFC2-D1E5-4321-B669-C087A899285C}.Release|x64.ActiveCfg = Release|Any CPU
		{3275DFC2-D1E5-4321-B669-C087A899285C}.Release|x64.Build.0 = Release|Any CPU
		{3275DFC2-D1E5-4321-B669-C087A899285C}.Release|x86.ActiveCfg = Release|Any CPU
		{3275DFC2-D1E5-4321-B669-C087A899285C}.Release|x86.Build.0 = Release|Any CPU
		{ACE53F71-D0A7-4075-BCAD-13353D06A506}.Debug|Any CPU.ActiveCfg = Debug|Any CPU
		{ACE53F71-D0A7-4075-BCAD-13353D06A506}.Debug|Any CPU.Build.0 = Debug|Any CPU
		{ACE53F71-D0A7-4075-BCAD-13353D06A506}.Debug|x64.ActiveCfg = Debug|Any CPU
		{ACE53F71-D0A7-4075-BCAD-13353D06A506}.Debug|x64.Build.0 = Debug|Any CPU
		{ACE53F71-D0A7-4075-BCAD-13353D06A506}.Debug|x86.ActiveCfg = Debug|Any CPU
		{ACE53F71-D0A7-4075-BCAD-13353D06A506}.Debug|x86.Build.0 = Debug|Any CPU
		{ACE53F71-D0A7-4075-BCAD-13353D06A506}.Release|Any CPU.ActiveCfg = Release|Any CPU
		{ACE53F71-D0A7-4075-BCAD-13353D06A506}.Release|Any CPU.Build.0 = Release|Any CPU
		{ACE53F71-D0A7-4075-BCAD-13353D06A506}.Release|x64.ActiveCfg = Release|Any CPU
		{ACE53F71-D0A7-4075-BCAD-13353D06A506}.Release|x64.Build.0 = Release|Any CPU
		{ACE53F71-D0A7-4075-BCAD-13353D06A506}.Release|x86.ActiveCfg = Release|Any CPU
		{ACE53F71-D0A7-4075-BCAD-13353D06A506}.Release|x86.Build.0 = Release|Any CPU
		{F1234567-8901-2345-6789-ABCDEF012345}.Debug|Any CPU.ActiveCfg = Debug|Any CPU
		{F1234567-8901-2345-6789-ABCDEF012345}.Debug|Any CPU.Build.0 = Debug|Any CPU
		{F1234567-8901-2345-6789-ABCDEF012345}.Debug|x64.ActiveCfg = Debug|Any CPU
		{F1234567-8901-2345-6789-ABCDEF012345}.Debug|x64.Build.0 = Debug|Any CPU
		{F1234567-8901-2345-6789-ABCDEF012345}.Debug|x86.ActiveCfg = Debug|Any CPU
		{F1234567-8901-2345-6789-ABCDEF012345}.Debug|x86.Build.0 = Debug|Any CPU
		{F1234567-8901-2345-6789-ABCDEF012345}.Release|Any CPU.ActiveCfg = Release|Any CPU
		{F1234567-8901-2345-6789-ABCDEF012345}.Release|Any CPU.Build.0 = Release|Any CPU
		{F1234567-8901-2345-6789-ABCDEF012345}.Release|x64.ActiveCfg = Release|Any CPU
		{F1234567-8901-2345-6789-ABCDEF012345}.Release|x64.Build.0 = Release|Any CPU
		{F1234567-8901-2345-6789-ABCDEF012345}.Release|x86.ActiveCfg = Release|Any CPU
		{F1234567-8901-2345-6789-ABCDEF012345}.Release|x86.Build.0 = Release|Any CPU
		{4C71B234-7B7E-46C2-BB41-55C37DAC5FBE}.Debug|Any CPU.ActiveCfg = Debug|Any CPU
		{4C71B234-7B7E-46C2-BB41-55C37DAC5FBE}.Debug|Any CPU.Build.0 = Debug|Any CPU
		{4C71B234-7B7E-46C2-BB41-55C37DAC5FBE}.Debug|x64.ActiveCfg = Debug|Any CPU
		{4C71B234-7B7E-46C2-BB41-55C37DAC5FBE}.Debug|x64.Build.0 = Debug|Any CPU
		{4C71B234-7B7E-46C2-BB41-55C37DAC5FBE}.Debug|x86.ActiveCfg = Debug|Any CPU
		{4C71B234-7B7E-46C2-BB41-55C37DAC5FBE}.Debug|x86.Build.0 = Debug|Any CPU
		{4C71B234-7B7E-46C2-BB41-55C37DAC5FBE}.Release|Any CPU.ActiveCfg = Release|Any CPU
		{4C71B234-7B7E-46C2-BB41-55C37DAC5FBE}.Release|Any CPU.Build.0 = Release|Any CPU
		{4C71B234-7B7E-46C2-BB41-55C37DAC5FBE}.Release|x64.ActiveCfg = Release|Any CPU
		{4C71B234-7B7E-46C2-BB41-55C37DAC5FBE}.Release|x64.Build.0 = Release|Any CPU
		{4C71B234-7B7E-46C2-BB41-55C37DAC5FBE}.Release|x86.ActiveCfg = Release|Any CPU
		{4C71B234-7B7E-46C2-BB41-55C37DAC5FBE}.Release|x86.Build.0 = Release|Any CPU
		{1B44F5DC-1E72-4866-AF7C-600B93B79ABE}.Debug|Any CPU.ActiveCfg = Debug|Any CPU
		{1B44F5DC-1E72-4866-AF7C-600B93B79ABE}.Debug|Any CPU.Build.0 = Debug|Any CPU
		{1B44F5DC-1E72-4866-AF7C-600B93B79ABE}.Debug|x64.ActiveCfg = Debug|Any CPU
		{1B44F5DC-1E72-4866-AF7C-600B93B79ABE}.Debug|x64.Build.0 = Debug|Any CPU
		{1B44F5DC-1E72-4866-AF7C-600B93B79ABE}.Debug|x86.ActiveCfg = Debug|Any CPU
		{1B44F5DC-1E72-4866-AF7C-600B93B79ABE}.Debug|x86.Build.0 = Debug|Any CPU
		{1B44F5DC-1E72-4866-AF7C-600B93B79ABE}.Release|Any CPU.ActiveCfg = Release|Any CPU
		{1B44F5DC-1E72-4866-AF7C-600B93B79ABE}.Release|Any CPU.Build.0 = Release|Any CPU
		{1B44F5DC-1E72-4866-AF7C-600B93B79ABE}.Release|x64.ActiveCfg = Release|Any CPU
		{1B44F5DC-1E72-4866-AF7C-600B93B79ABE}.Release|x64.Build.0 = Release|Any CPU
		{1B44F5DC-1E72-4866-AF7C-600B93B79ABE}.Release|x86.ActiveCfg = Release|Any CPU
		{1B44F5DC-1E72-4866-AF7C-600B93B79ABE}.Release|x86.Build.0 = Release|Any CPU
		{1378DDB7-2F7B-4878-8CEE-F4355250D8AD}.Debug|Any CPU.ActiveCfg = Debug|Any CPU
		{1378DDB7-2F7B-4878-8CEE-F4355250D8AD}.Debug|Any CPU.Build.0 = Debug|Any CPU
		{1378DDB7-2F7B-4878-8CEE-F4355250D8AD}.Debug|x64.ActiveCfg = Debug|Any CPU
		{1378DDB7-2F7B-4878-8CEE-F4355250D8AD}.Debug|x64.Build.0 = Debug|Any CPU
		{1378DDB7-2F7B-4878-8CEE-F4355250D8AD}.Debug|x86.ActiveCfg = Debug|Any CPU
		{1378DDB7-2F7B-4878-8CEE-F4355250D8AD}.Debug|x86.Build.0 = Debug|Any CPU
		{1378DDB7-2F7B-4878-8CEE-F4355250D8AD}.Release|Any CPU.ActiveCfg = Release|Any CPU
		{1378DDB7-2F7B-4878-8CEE-F4355250D8AD}.Release|Any CPU.Build.0 = Release|Any CPU
		{1378DDB7-2F7B-4878-8CEE-F4355250D8AD}.Release|x64.ActiveCfg = Release|Any CPU
		{1378DDB7-2F7B-4878-8CEE-F4355250D8AD}.Release|x64.Build.0 = Release|Any CPU
		{1378DDB7-2F7B-4878-8CEE-F4355250D8AD}.Release|x86.ActiveCfg = Release|Any CPU
		{1378DDB7-2F7B-4878-8CEE-F4355250D8AD}.Release|x86.Build.0 = Release|Any CPU
		{6DE66BC6-6223-4EA5-8A56-790BA13428CC}.Debug|Any CPU.ActiveCfg = Debug|Any CPU
		{6DE66BC6-6223-4EA5-8A56-790BA13428CC}.Debug|Any CPU.Build.0 = Debug|Any CPU
		{6DE66BC6-6223-4EA5-8A56-790BA13428CC}.Debug|x64.ActiveCfg = Debug|Any CPU
		{6DE66BC6-6223-4EA5-8A56-790BA13428CC}.Debug|x64.Build.0 = Debug|Any CPU
		{6DE66BC6-6223-4EA5-8A56-790BA13428CC}.Debug|x86.ActiveCfg = Debug|Any CPU
		{6DE66BC6-6223-4EA5-8A56-790BA13428CC}.Debug|x86.Build.0 = Debug|Any CPU
		{6DE66BC6-6223-4EA5-8A56-790BA13428CC}.Release|Any CPU.ActiveCfg = Release|Any CPU
		{6DE66BC6-6223-4EA5-8A56-790BA13428CC}.Release|Any CPU.Build.0 = Release|Any CPU
		{6DE66BC6-6223-4EA5-8A56-790BA13428CC}.Release|x64.ActiveCfg = Release|Any CPU
		{6DE66BC6-6223-4EA5-8A56-790BA13428CC}.Release|x64.Build.0 = Release|Any CPU
		{6DE66BC6-6223-4EA5-8A56-790BA13428CC}.Release|x86.ActiveCfg = Release|Any CPU
		{6DE66BC6-6223-4EA5-8A56-790BA13428CC}.Release|x86.Build.0 = Release|Any CPU
		{697128D6-5E0F-478E-9EE0-58628B21A5BC}.Debug|Any CPU.ActiveCfg = Debug|Any CPU
		{697128D6-5E0F-478E-9EE0-58628B21A5BC}.Debug|Any CPU.Build.0 = Debug|Any CPU
		{697128D6-5E0F-478E-9EE0-58628B21A5BC}.Debug|x64.ActiveCfg = Debug|Any CPU
		{697128D6-5E0F-478E-9EE0-58628B21A5BC}.Debug|x64.Build.0 = Debug|Any CPU
		{697128D6-5E0F-478E-9EE0-58628B21A5BC}.Debug|x86.ActiveCfg = Debug|Any CPU
		{697128D6-5E0F-478E-9EE0-58628B21A5BC}.Debug|x86.Build.0 = Debug|Any CPU
		{697128D6-5E0F-478E-9EE0-58628B21A5BC}.Release|Any CPU.ActiveCfg = Release|Any CPU
		{697128D6-5E0F-478E-9EE0-58628B21A5BC}.Release|Any CPU.Build.0 = Release|Any CPU
		{697128D6-5E0F-478E-9EE0-58628B21A5BC}.Release|x64.ActiveCfg = Release|Any CPU
		{697128D6-5E0F-478E-9EE0-58628B21A5BC}.Release|x64.Build.0 = Release|Any CPU
		{697128D6-5E0F-478E-9EE0-58628B21A5BC}.Release|x86.ActiveCfg = Release|Any CPU
		{697128D6-5E0F-478E-9EE0-58628B21A5BC}.Release|x86.Build.0 = Release|Any CPU
		{3D027FB7-29C5-4870-90F3-DDD316871217}.Debug|Any CPU.ActiveCfg = Debug|Any CPU
		{3D027FB7-29C5-4870-90F3-DDD316871217}.Debug|Any CPU.Build.0 = Debug|Any CPU
		{3D027FB7-29C5-4870-90F3-DDD316871217}.Debug|x64.ActiveCfg = Debug|Any CPU
		{3D027FB7-29C5-4870-90F3-DDD316871217}.Debug|x64.Build.0 = Debug|Any CPU
		{3D027FB7-29C5-4870-90F3-DDD316871217}.Debug|x86.ActiveCfg = Debug|Any CPU
		{3D027FB7-29C5-4870-90F3-DDD316871217}.Debug|x86.Build.0 = Debug|Any CPU
		{3D027FB7-29C5-4870-90F3-DDD316871217}.Release|Any CPU.ActiveCfg = Release|Any CPU
		{3D027FB7-29C5-4870-90F3-DDD316871217}.Release|Any CPU.Build.0 = Release|Any CPU
		{3D027FB7-29C5-4870-90F3-DDD316871217}.Release|x64.ActiveCfg = Release|Any CPU
		{3D027FB7-29C5-4870-90F3-DDD316871217}.Release|x64.Build.0 = Release|Any CPU
		{3D027FB7-29C5-4870-90F3-DDD316871217}.Release|x86.ActiveCfg = Release|Any CPU
		{3D027FB7-29C5-4870-90F3-DDD316871217}.Release|x86.Build.0 = Release|Any CPU
		{5B1A704D-1A64-4FA1-8FA2-9EB503F87A9D}.Debug|Any CPU.ActiveCfg = Debug|Any CPU
		{5B1A704D-1A64-4FA1-8FA2-9EB503F87A9D}.Debug|Any CPU.Build.0 = Debug|Any CPU
		{5B1A704D-1A64-4FA1-8FA2-9EB503F87A9D}.Debug|x64.ActiveCfg = Debug|Any CPU
		{5B1A704D-1A64-4FA1-8FA2-9EB503F87A9D}.Debug|x64.Build.0 = Debug|Any CPU
		{5B1A704D-1A64-4FA1-8FA2-9EB503F87A9D}.Debug|x86.ActiveCfg = Debug|Any CPU
		{5B1A704D-1A64-4FA1-8FA2-9EB503F87A9D}.Debug|x86.Build.0 = Debug|Any CPU
		{5B1A704D-1A64-4FA1-8FA2-9EB503F87A9D}.Release|Any CPU.ActiveCfg = Release|Any CPU
		{5B1A704D-1A64-4FA1-8FA2-9EB503F87A9D}.Release|Any CPU.Build.0 = Release|Any CPU
		{5B1A704D-1A64-4FA1-8FA2-9EB503F87A9D}.Release|x64.ActiveCfg = Release|Any CPU
		{5B1A704D-1A64-4FA1-8FA2-9EB503F87A9D}.Release|x64.Build.0 = Release|Any CPU
		{5B1A704D-1A64-4FA1-8FA2-9EB503F87A9D}.Release|x86.ActiveCfg = Release|Any CPU
		{5B1A704D-1A64-4FA1-8FA2-9EB503F87A9D}.Release|x86.Build.0 = Release|Any CPU
		{DE3C5B23-F118-4D52-A5D8-72B51687B8EE}.Debug|Any CPU.ActiveCfg = Debug|Any CPU
		{DE3C5B23-F118-4D52-A5D8-72B51687B8EE}.Debug|Any CPU.Build.0 = Debug|Any CPU
		{DE3C5B23-F118-4D52-A5D8-72B51687B8EE}.Debug|x64.ActiveCfg = Debug|Any CPU
		{DE3C5B23-F118-4D52-A5D8-72B51687B8EE}.Debug|x64.Build.0 = Debug|Any CPU
		{DE3C5B23-F118-4D52-A5D8-72B51687B8EE}.Debug|x86.ActiveCfg = Debug|Any CPU
		{DE3C5B23-F118-4D52-A5D8-72B51687B8EE}.Debug|x86.Build.0 = Debug|Any CPU
		{DE3C5B23-F118-4D52-A5D8-72B51687B8EE}.Release|Any CPU.ActiveCfg = Release|Any CPU
		{DE3C5B23-F118-4D52-A5D8-72B51687B8EE}.Release|Any CPU.Build.0 = Release|Any CPU
		{DE3C5B23-F118-4D52-A5D8-72B51687B8EE}.Release|x64.ActiveCfg = Release|Any CPU
		{DE3C5B23-F118-4D52-A5D8-72B51687B8EE}.Release|x64.Build.0 = Release|Any CPU
		{DE3C5B23-F118-4D52-A5D8-72B51687B8EE}.Release|x86.ActiveCfg = Release|Any CPU
		{DE3C5B23-F118-4D52-A5D8-72B51687B8EE}.Release|x86.Build.0 = Release|Any CPU
		{3E2B94FB-B674-4795-BAF1-C440A7C3A9F1}.Debug|Any CPU.ActiveCfg = Debug|Any CPU
		{3E2B94FB-B674-4795-BAF1-C440A7C3A9F1}.Debug|Any CPU.Build.0 = Debug|Any CPU
		{3E2B94FB-B674-4795-BAF1-C440A7C3A9F1}.Debug|x64.ActiveCfg = Debug|Any CPU
		{3E2B94FB-B674-4795-BAF1-C440A7C3A9F1}.Debug|x64.Build.0 = Debug|Any CPU
		{3E2B94FB-B674-4795-BAF1-C440A7C3A9F1}.Debug|x86.ActiveCfg = Debug|Any CPU
		{3E2B94FB-B674-4795-BAF1-C440A7C3A9F1}.Debug|x86.Build.0 = Debug|Any CPU
		{3E2B94FB-B674-4795-BAF1-C440A7C3A9F1}.Release|Any CPU.ActiveCfg = Release|Any CPU
		{3E2B94FB-B674-4795-BAF1-C440A7C3A9F1}.Release|Any CPU.Build.0 = Release|Any CPU
		{3E2B94FB-B674-4795-BAF1-C440A7C3A9F1}.Release|x64.ActiveCfg = Release|Any CPU
		{3E2B94FB-B674-4795-BAF1-C440A7C3A9F1}.Release|x64.Build.0 = Release|Any CPU
		{3E2B94FB-B674-4795-BAF1-C440A7C3A9F1}.Release|x86.ActiveCfg = Release|Any CPU
		{3E2B94FB-B674-4795-BAF1-C440A7C3A9F1}.Release|x86.Build.0 = Release|Any CPU
		{EB2217B7-93A3-4067-A951-00B04EF9F6CF}.Debug|Any CPU.ActiveCfg = Debug|Any CPU
		{EB2217B7-93A3-4067-A951-00B04EF9F6CF}.Debug|Any CPU.Build.0 = Debug|Any CPU
		{EB2217B7-93A3-4067-A951-00B04EF9F6CF}.Debug|x64.ActiveCfg = Debug|Any CPU
		{EB2217B7-93A3-4067-A951-00B04EF9F6CF}.Debug|x64.Build.0 = Debug|Any CPU
		{EB2217B7-93A3-4067-A951-00B04EF9F6CF}.Debug|x86.ActiveCfg = Debug|Any CPU
		{EB2217B7-93A3-4067-A951-00B04EF9F6CF}.Debug|x86.Build.0 = Debug|Any CPU
		{EB2217B7-93A3-4067-A951-00B04EF9F6CF}.Release|Any CPU.ActiveCfg = Release|Any CPU
		{EB2217B7-93A3-4067-A951-00B04EF9F6CF}.Release|Any CPU.Build.0 = Release|Any CPU
		{EB2217B7-93A3-4067-A951-00B04EF9F6CF}.Release|x64.ActiveCfg = Release|Any CPU
		{EB2217B7-93A3-4067-A951-00B04EF9F6CF}.Release|x64.Build.0 = Release|Any CPU
		{EB2217B7-93A3-4067-A951-00B04EF9F6CF}.Release|x86.ActiveCfg = Release|Any CPU
		{EB2217B7-93A3-4067-A951-00B04EF9F6CF}.Release|x86.Build.0 = Release|Any CPU
		{D0C6B6C9-E725-473F-8513-321803A2C687}.Debug|Any CPU.ActiveCfg = Debug|Any CPU
		{D0C6B6C9-E725-473F-8513-321803A2C687}.Debug|Any CPU.Build.0 = Debug|Any CPU
		{D0C6B6C9-E725-473F-8513-321803A2C687}.Debug|x64.ActiveCfg = Debug|Any CPU
		{D0C6B6C9-E725-473F-8513-321803A2C687}.Debug|x64.Build.0 = Debug|Any CPU
		{D0C6B6C9-E725-473F-8513-321803A2C687}.Debug|x86.ActiveCfg = Debug|Any CPU
		{D0C6B6C9-E725-473F-8513-321803A2C687}.Debug|x86.Build.0 = Debug|Any CPU
		{D0C6B6C9-E725-473F-8513-321803A2C687}.Release|Any CPU.ActiveCfg = Release|Any CPU
		{D0C6B6C9-E725-473F-8513-321803A2C687}.Release|Any CPU.Build.0 = Release|Any CPU
		{D0C6B6C9-E725-473F-8513-321803A2C687}.Release|x64.ActiveCfg = Release|Any CPU
		{D0C6B6C9-E725-473F-8513-321803A2C687}.Release|x64.Build.0 = Release|Any CPU
		{D0C6B6C9-E725-473F-8513-321803A2C687}.Release|x86.ActiveCfg = Release|Any CPU
		{D0C6B6C9-E725-473F-8513-321803A2C687}.Release|x86.Build.0 = Release|Any CPU
		{BA894EAA-FF09-4A27-9A4D-649DDE8D1131}.Debug|Any CPU.ActiveCfg = Debug|Any CPU
		{BA894EAA-FF09-4A27-9A4D-649DDE8D1131}.Debug|Any CPU.Build.0 = Debug|Any CPU
		{BA894EAA-FF09-4A27-9A4D-649DDE8D1131}.Debug|x64.ActiveCfg = Debug|Any CPU
		{BA894EAA-FF09-4A27-9A4D-649DDE8D1131}.Debug|x64.Build.0 = Debug|Any CPU
		{BA894EAA-FF09-4A27-9A4D-649DDE8D1131}.Debug|x86.ActiveCfg = Debug|Any CPU
		{BA894EAA-FF09-4A27-9A4D-649DDE8D1131}.Debug|x86.Build.0 = Debug|Any CPU
		{BA894EAA-FF09-4A27-9A4D-649DDE8D1131}.Release|Any CPU.ActiveCfg = Release|Any CPU
		{BA894EAA-FF09-4A27-9A4D-649DDE8D1131}.Release|Any CPU.Build.0 = Release|Any CPU
		{BA894EAA-FF09-4A27-9A4D-649DDE8D1131}.Release|x64.ActiveCfg = Release|Any CPU
		{BA894EAA-FF09-4A27-9A4D-649DDE8D1131}.Release|x64.Build.0 = Release|Any CPU
		{BA894EAA-FF09-4A27-9A4D-649DDE8D1131}.Release|x86.ActiveCfg = Release|Any CPU
		{BA894EAA-FF09-4A27-9A4D-649DDE8D1131}.Release|x86.Build.0 = Release|Any CPU
	EndGlobalSection
	GlobalSection(SolutionProperties) = preSolution
		HideSolutionNode = FALSE
	EndGlobalSection
	GlobalSection(NestedProjects) = preSolution
		{3275DFC2-D1E5-4321-B669-C087A899285C} = {827E0CD3-B72D-47B6-A68D-7590B98EB39B}
		{ACE53F71-D0A7-4075-BCAD-13353D06A506} = {827E0CD3-B72D-47B6-A68D-7590B98EB39B}
		{F1234567-8901-2345-6789-ABCDEF012345} = {E8C8B8E1-1234-5678-9ABC-DEF012345678}
		{4C71B234-7B7E-46C2-BB41-55C37DAC5FBE} = {0AB3BF05-4346-4AA6-1389-037BE0695223}
		{1B44F5DC-1E72-4866-AF7C-600B93B79ABE} = {E8C8B8E1-1234-5678-9ABC-DEF012345678}
		{1378DDB7-2F7B-4878-8CEE-F4355250D8AD} = {08854B5B-67CB-49D9-A6F2-15B89CA9BDE4}
		{6DE66BC6-6223-4EA5-8A56-790BA13428CC} = {08854B5B-67CB-49D9-A6F2-15B89CA9BDE4}
		{697128D6-5E0F-478E-9EE0-58628B21A5BC} = {08854B5B-67CB-49D9-A6F2-15B89CA9BDE4}
		{3D027FB7-29C5-4870-90F3-DDD316871217} = {08854B5B-67CB-49D9-A6F2-15B89CA9BDE4}
		{5B1A704D-1A64-4FA1-8FA2-9EB503F87A9D} = {08854B5B-67CB-49D9-A6F2-15B89CA9BDE4}
		{DE3C5B23-F118-4D52-A5D8-72B51687B8EE} = {827E0CD3-B72D-47B6-A68D-7590B98EB39B}
		{3E2B94FB-B674-4795-BAF1-C440A7C3A9F1} = {E8C8B8E1-1234-5678-9ABC-DEF012345678}
		{EB2217B7-93A3-4067-A951-00B04EF9F6CF} = {0AB3BF05-4346-4AA6-1389-037BE0695223}
		{D0C6B6C9-E725-473F-8513-321803A2C687} = {827E0CD3-B72D-47B6-A68D-7590B98EB39B}
		{BA894EAA-FF09-4A27-9A4D-649DDE8D1131} = {E8C8B8E1-1234-5678-9ABC-DEF012345678}
	EndGlobalSection
EndGlobal
