
Microsoft Visual Studio Solution File, Format Version 12.00
# Visual Studio Version 17
VisualStudioVersion = 17.0.31903.59
MinimumVisualStudioVersion = 10.0.40219.1
Project("{2150E333-8FDC-42A3-9474-1A3956D46DE8}") = "src", "src", "{827E0CD3-B72D-47B6-A68D-7590B98EB39B}"
EndProject
Project("{FAE04EC0-301F-11D3-BF4B-00C04F79EFBC}") = "Hermes.Contracts", "src\Hermes.Contracts\Hermes.Contracts.csproj", "{6E8D13E2-B327-4709-8E3D-E8EDE7D58A25}"
EndProject
Project("{FAE04EC0-301F-11D3-BF4B-00C04F79EFBC}") = "Hermes", "src\Hermes\Hermes.csproj", "{6111B780-0E6D-4756-8830-7C1CB930A85D}"
EndProject
Project("{FAE04EC0-301F-11D3-BF4B-00C04F79EFBC}") = "Hermes.Blazor", "src\Hermes.Blazor\Hermes.Blazor.csproj", "{C37C83EB-4BD7-4FBA-855C-AF016D498C57}"
EndProject
Project("{FAE04EC0-301F-11D3-BF4B-00C04F79EFBC}") = "Hermes.Mobile", "src\Hermes.Mobile\Hermes.Mobile.csproj", "{16737429-333A-428D-91C3-04067413D953}"
EndProject
Project("{2150E333-8FDC-42A3-9474-1A3956D46DE8}") = "samples", "samples", "{5D20AA90-6969-D8BD-9DCD-8634F4692FDA}"
EndProject
Project("{2150E333-8FDC-42A3-9474-1A3956D46DE8}") = "Shared", "Shared", "{3177BFE4-54BB-4449-CBD6-550FA3C2F073}"
EndProject
Project("{FAE04EC0-301F-11D3-BF4B-00C04F79EFBC}") = "Shared.App", "samples\Shared\Shared.App\Shared.App.csproj", "{FCB1797B-0AFF-41A0-8C02-02B06E9BE125}"
EndProject
Global
	GlobalSection(SolutionConfigurationPlatforms) = preSolution
		Debug|Any CPU = Debug|Any CPU
		Debug|x64 = Debug|x64
		Debug|x86 = Debug|x86
		Release|Any CPU = Release|Any CPU
		Release|x64 = Release|x64
		Release|x86 = Release|x86
	EndGlobalSection
	GlobalSection(ProjectConfigurationPlatforms) = postSolution
		{6E8D13E2-B327-4709-8E3D-E8EDE7D58A25}.Debug|Any CPU.ActiveCfg = Debug|Any CPU
		{6E8D13E2-B327-4709-8E3D-E8EDE7D58A25}.Debug|Any CPU.Build.0 = Debug|Any CPU
		{6E8D13E2-B327-4709-8E3D-E8EDE7D58A25}.Debug|x64.ActiveCfg = Debug|Any CPU
		{6E8D13E2-B327-4709-8E3D-E8EDE7D58A25}.Debug|x64.Build.0 = Debug|Any CPU
		{6E8D13E2-B327-4709-8E3D-E8EDE7D58A25}.Debug|x86.ActiveCfg = Debug|Any CPU
		{6E8D13E2-B327-4709-8E3D-E8EDE7D58A25}.Debug|x86.Build.0 = Debug|Any CPU
		{6E8D13E2-B327-4709-8E3D-E8EDE7D58A25}.Release|Any CPU.ActiveCfg = Release|Any CPU
		{6E8D13E2-B327-4709-8E3D-E8EDE7D58A25}.Release|Any CPU.Build.0 = Release|Any CPU
		{6E8D13E2-B327-4709-8E3D-E8EDE7D58A25}.Release|x64.ActiveCfg = Release|Any CPU
		{6E8D13E2-B327-4709-8E3D-E8EDE7D58A25}.Release|x64.Build.0 = Release|Any CPU
		{6E8D13E2-B327-4709-8E3D-E8EDE7D58A25}.Release|x86.ActiveCfg = Release|Any CPU
		{6E8D13E2-B327-4709-8E3D-E8EDE7D58A25}.Release|x86.Build.0 = Release|Any CPU
		{6111B780-0E6D-4756-8830-7C1CB930A85D}.Debug|Any CPU.ActiveCfg = Debug|Any CPU
		{6111B780-0E6D-4756-8830-7C1CB930A85D}.Debug|Any CPU.Build.0 = Debug|Any CPU
		{6111B780-0E6D-4756-8830-7C1CB930A85D}.Debug|x64.ActiveCfg = Debug|Any CPU
		{6111B780-0E6D-4756-8830-7C1CB930A85D}.Debug|x64.Build.0 = Debug|Any CPU
		{6111B780-0E6D-4756-8830-7C1CB930A85D}.Debug|x86.ActiveCfg = Debug|Any CPU
		{6111B780-0E6D-4756-8830-7C1CB930A85D}.Debug|x86.Build.0 = Debug|Any CPU
		{6111B780-0E6D-4756-8830-7C1CB930A85D}.Release|Any CPU.ActiveCfg = Release|Any CPU
		{6111B780-0E6D-4756-8830-7C1CB930A85D}.Release|Any CPU.Build.0 = Release|Any CPU
		{6111B780-0E6D-4756-8830-7C1CB930A85D}.Release|x64.ActiveCfg = Release|Any CPU
		{6111B780-0E6D-4756-8830-7C1CB930A85D}.Release|x64.Build.0 = Release|Any CPU
		{6111B780-0E6D-4756-8830-7C1CB930A85D}.Release|x86.ActiveCfg = Release|Any CPU
		{6111B780-0E6D-4756-8830-7C1CB930A85D}.Release|x86.Build.0 = Release|Any CPU
		{C37C83EB-4BD7-4FBA-855C-AF016D498C57}.Debug|Any CPU.ActiveCfg = Debug|Any CPU
		{C37C83EB-4BD7-4FBA-855C-AF016D498C57}.Debug|Any CPU.Build.0 = Debug|Any CPU
		{C37C83EB-4BD7-4FBA-855C-AF016D498C57}.Debug|x64.ActiveCfg = Debug|Any CPU
		{C37C83EB-4BD7-4FBA-855C-AF016D498C57}.Debug|x64.Build.0 = Debug|Any CPU
		{C37C83EB-4BD7-4FBA-855C-AF016D498C57}.Debug|x86.ActiveCfg = Debug|Any CPU
		{C37C83EB-4BD7-4FBA-855C-AF016D498C57}.Debug|x86.Build.0 = Debug|Any CPU
		{C37C83EB-4BD7-4FBA-855C-AF016D498C57}.Release|Any CPU.ActiveCfg = Release|Any CPU
		{C37C83EB-4BD7-4FBA-855C-AF016D498C57}.Release|Any CPU.Build.0 = Release|Any CPU
		{C37C83EB-4BD7-4FBA-855C-AF016D498C57}.Release|x64.ActiveCfg = Release|Any CPU
		{C37C83EB-4BD7-4FBA-855C-AF016D498C57}.Release|x64.Build.0 = Release|Any CPU
		{C37C83EB-4BD7-4FBA-855C-AF016D498C57}.Release|x86.ActiveCfg = Release|Any CPU
		{C37C83EB-4BD7-4FBA-855C-AF016D498C57}.Release|x86.Build.0 = Release|Any CPU
		{16737429-333A-428D-91C3-04067413D953}.Debug|Any CPU.ActiveCfg = Debug|Any CPU
		{16737429-333A-428D-91C3-04067413D953}.Debug|Any CPU.Build.0 = Debug|Any CPU
		{16737429-333A-428D-91C3-04067413D953}.Debug|x64.ActiveCfg = Debug|Any CPU
		{16737429-333A-428D-91C3-04067413D953}.Debug|x64.Build.0 = Debug|Any CPU
		{16737429-333A-428D-91C3-04067413D953}.Debug|x86.ActiveCfg = Debug|Any CPU
		{16737429-333A-428D-91C3-04067413D953}.Debug|x86.Build.0 = Debug|Any CPU
		{16737429-333A-428D-91C3-04067413D953}.Release|Any CPU.ActiveCfg = Release|Any CPU
		{16737429-333A-428D-91C3-04067413D953}.Release|Any CPU.Build.0 = Release|Any CPU
		{16737429-333A-428D-91C3-04067413D953}.Release|x64.ActiveCfg = Release|Any CPU
		{16737429-333A-428D-91C3-04067413D953}.Release|x64.Build.0 = Release|Any CPU
		{16737429-333A-428D-91C3-04067413D953}.Release|x86.ActiveCfg = Release|Any CPU
		{16737429-333A-428D-91C3-04067413D953}.Release|x86.Build.0 = Release|Any CPU
		{FCB1797B-0AFF-41A0-8C02-02B06E9BE125}.Debug|Any CPU.ActiveCfg = Debug|Any CPU
		{FCB1797B-0AFF-41A0-8C02-02B06E9BE125}.Debug|Any CPU.Build.0 = Debug|Any CPU
		{FCB1797B-0AFF-41A0-8C02-02B06E9BE125}.Debug|x64.ActiveCfg = Debug|Any CPU
		{FCB1797B-0AFF-41A0-8C02-02B06E9BE125}.Debug|x64.Build.0 = Debug|Any CPU
		{FCB1797B-0AFF-41A0-8C02-02B06E9BE125}.Debug|x86.ActiveCfg = Debug|Any CPU
		{FCB1797B-0AFF-41A0-8C02-02B06E9BE125}.Debug|x86.Build.0 = Debug|Any CPU
		{FCB1797B-0AFF-41A0-8C02-02B06E9BE125}.Release|Any CPU.ActiveCfg = Release|Any CPU
		{FCB1797B-0AFF-41A0-8C02-02B06E9BE125}.Release|Any CPU.Build.0 = Release|Any CPU
		{FCB1797B-0AFF-41A0-8C02-02B06E9BE125}.Release|x64.ActiveCfg = Release|Any CPU
		{FCB1797B-0AFF-41A0-8C02-02B06E9BE125}.Release|x64.Build.0 = Release|Any CPU
		{FCB1797B-0AFF-41A0-8C02-02B06E9BE125}.Release|x86.ActiveCfg = Release|Any CPU
		{FCB1797B-0AFF-41A0-8C02-02B06E9BE125}.Release|x86.Build.0 = Release|Any CPU
	EndGlobalSection
	GlobalSection(SolutionProperties) = preSolution
		HideSolutionNode = FALSE
	EndGlobalSection
	GlobalSection(NestedProjects) = preSolution
		{6E8D13E2-B327-4709-8E3D-E8EDE7D58A25} = {827E0CD3-B72D-47B6-A68D-7590B98EB39B}
		{6111B780-0E6D-4756-8830-7C1CB930A85D} = {827E0CD3-B72D-47B6-A68D-7590B98EB39B}
		{C37C83EB-4BD7-4FBA-855C-AF016D498C57} = {827E0CD3-B72D-47B6-A68D-7590B98EB39B}
		{16737429-333A-428D-91C3-04067413D953} = {827E0CD3-B72D-47B6-A68D-7590B98EB39B}
		{3177BFE4-54BB-4449-CBD6-550FA3C2F073} = {5D20AA90-6969-D8BD-9DCD-8634F4692FDA}
		{FCB1797B-0AFF-41A0-8C02-02B06E9BE125} = {3177BFE4-54BB-4449-CBD6-550FA3C2F073}
	EndGlobalSection
EndGlobal
